
Microsoft Visual Studio Solution File, Format Version 11.00
# Visual Studio 2010
Project("{F184B08F-C81C-45F6-A57F-5ABD9991F28F}") = "Eavesdropper", "Eavesdropper\Eavesdropper.vbproj", "{B7B7EF61-3D38-43C9-AFD1-193CC26192CE}"
EndProject
Project("{F184B08F-C81C-45F6-A57F-5ABD9991F28F}") = "SilverlightApplication", "SilverlightApplication\SilverlightApplication.vbproj", "{15BC64AE-1B6D-4133-8CB7-23A834D88D82}"
EndProject
Global
	GlobalSection(SolutionConfigurationPlatforms) = preSolution
		Debug|Any CPU = Debug|Any CPU
		Release|Any CPU = Release|Any CPU
	EndGlobalSection
	GlobalSection(ProjectConfigurationPlatforms) = postSolution
		{B7B7EF61-3D38-43C9-AFD1-193CC26192CE}.Debug|Any CPU.ActiveCfg = Debug|Any CPU
		{B7B7EF61-3D38-43C9-AFD1-193CC26192CE}.Debug|Any CPU.Build.0 = Debug|Any CPU
		{B7B7EF61-3D38-43C9-AFD1-193CC26192CE}.Release|Any CPU.ActiveCfg = Release|Any CPU
		{B7B7EF61-3D38-43C9-AFD1-193CC26192CE}.Release|Any CPU.Build.0 = Release|Any CPU
		{15BC64AE-1B6D-4133-8CB7-23A834D88D82}.Debug|Any CPU.ActiveCfg = Debug|Any CPU
		{15BC64AE-1B6D-4133-8CB7-23A834D88D82}.Debug|Any CPU.Build.0 = Debug|Any CPU
		{15BC64AE-1B6D-4133-8CB7-23A834D88D82}.Release|Any CPU.ActiveCfg = Release|Any CPU
		{15BC64AE-1B6D-4133-8CB7-23A834D88D82}.Release|Any CPU.Build.0 = Release|Any CPU
	EndGlobalSection
	GlobalSection(SolutionProperties) = preSolution
		HideSolutionNode = FALSE
	EndGlobalSection
EndGlobal
